
Microsoft Visual Studio Solution File, Format Version 12.00
# Visual Studio Version 17
VisualStudioVersion = 17.14.36915.13 d17.14
MinimumVisualStudioVersion = 10.0.40219.1
Project("{FAE04EC0-301F-11D3-BF4B-00C04F79EFBC}") = "FurnitureRental", "FurnitureRental\FurnitureRental.csproj", "{529D6E6B-15A7-4DC7-90E3-62CCCFE89B56}"
EndProject
Global
	GlobalSection(SolutionConfigurationPlatforms) = preSolution
		Debug|Any CPU = Debug|Any CPU
		Release|Any CPU = Release|Any CPU
	EndGlobalSection
	GlobalSection(ProjectConfigurationPlatforms) = postSolution
		{529D6E6B-15A7-4DC7-90E3-62CCCFE89B56}.Debug|Any CPU.ActiveCfg = Debug|Any CPU
		{529D6E6B-15A7-4DC7-90E3-62CCCFE89B56}.Debug|Any CPU.Build.0 = Debug|Any CPU
		{529D6E6B-15A7-4DC7-90E3-62CCCFE89B56}.Release|Any CPU.ActiveCfg = Release|Any CPU
		{529D6E6B-15A7-4DC7-90E3-62CCCFE89B56}.Release|Any CPU.Build.0 = Release|Any CPU
	EndGlobalSection
	GlobalSection(SolutionProperties) = preSolution
		HideSolutionNode = FALSE
	EndGlobalSection
	GlobalSection(ExtensibilityGlobals) = postSolution
		SolutionGuid = {58BA07E5-2299-443D-B4D3-77D6B53E179C}
	EndGlobalSection
EndGlobal
